
Microsoft Visual Studio Solution File, Format Version 12.00
# Visual Studio 14
VisualStudioVersion = 14.0.25420.1
MinimumVisualStudioVersion = 10.0.40219.1
Project("{FAE04EC0-301F-11D3-BF4B-00C04F79EFBC}") = "PushySample", "App1\PushySample.csproj", "{3FB22A8D-00B6-4A6D-B7FD-54A03536C89C}"
EndProject
Global
	GlobalSection(SolutionConfigurationPlatforms) = preSolution
		Ad-Hoc|iPhone = Ad-Hoc|iPhone
		Ad-Hoc|iPhoneSimulator = Ad-Hoc|iPhoneSimulator
		AppStore|iPhone = AppStore|iPhone
		AppStore|iPhoneSimulator = AppStore|iPhoneSimulator
		Debug|iPhone = Debug|iPhone
		Debug|iPhoneSimulator = Debug|iPhoneSimulator
		Release|iPhone = Release|iPhone
		Release|iPhoneSimulator = Release|iPhoneSimulator
	EndGlobalSection
	GlobalSection(ProjectConfigurationPlatforms) = postSolution
		{3FB22A8D-00B6-4A6D-B7FD-54A03536C89C}.Ad-Hoc|iPhone.ActiveCfg = Ad-Hoc|iPhone
		{3FB22A8D-00B6-4A6D-B7FD-54A03536C89C}.Ad-Hoc|iPhone.Build.0 = Ad-Hoc|iPhone
		{3FB22A8D-00B6-4A6D-B7FD-54A03536C89C}.Ad-Hoc|iPhoneSimulator.ActiveCfg = Ad-Hoc|iPhoneSimulator
		{3FB22A8D-00B6-4A6D-B7FD-54A03536C89C}.Ad-Hoc|iPhoneSimulator.Build.0 = Ad-Hoc|iPhoneSimulator
		{3FB22A8D-00B6-4A6D-B7FD-54A03536C89C}.AppStore|iPhone.ActiveCfg = AppStore|iPhone
		{3FB22A8D-00B6-4A6D-B7FD-54A03536C89C}.AppStore|iPhone.Build.0 = AppStore|iPhone
		{3FB22A8D-00B6-4A6D-B7FD-54A03536C89C}.AppStore|iPhoneSimulator.ActiveCfg = AppStore|iPhoneSimulator
		{3FB22A8D-00B6-4A6D-B7FD-54A03536C89C}.AppStore|iPhoneSimulator.Build.0 = AppStore|iPhoneSimulator
		{3FB22A8D-00B6-4A6D-B7FD-54A03536C89C}.Debug|iPhone.ActiveCfg = Debug|iPhone
		{3FB22A8D-00B6-4A6D-B7FD-54A03536C89C}.Debug|iPhone.Build.0 = Debug|iPhone
		{3FB22A8D-00B6-4A6D-B7FD-54A03536C89C}.Debug|iPhoneSimulator.ActiveCfg = Debug|iPhoneSimulator
		{3FB22A8D-00B6-4A6D-B7FD-54A03536C89C}.Debug|iPhoneSimulator.Build.0 = Debug|iPhoneSimulator
		{3FB22A8D-00B6-4A6D-B7FD-54A03536C89C}.Release|iPhone.ActiveCfg = Release|iPhone
		{3FB22A8D-00B6-4A6D-B7FD-54A03536C89C}.Release|iPhone.Build.0 = Release|iPhone
		{3FB22A8D-00B6-4A6D-B7FD-54A03536C89C}.Release|iPhoneSimulator.ActiveCfg = Release|iPhoneSimulator
		{3FB22A8D-00B6-4A6D-B7FD-54A03536C89C}.Release|iPhoneSimulator.Build.0 = Release|iPhoneSimulator
	EndGlobalSection
	GlobalSection(SolutionProperties) = preSolution
		HideSolutionNode = FALSE
	EndGlobalSection
EndGlobal
